// !$*UTF8*$!
{
	archiveVersion = 1;
	classes = {
	};
	objectVersion = 46;
	objects = {

/* Begin PBXBuildFile section */
		42895D3B62BDC5891C5C7B0C /* libPods-BoxSimpleOAuth.a in Frameworks */ = {isa = PBXBuildFile; fileRef = 806F62EC2F43E04C075A5D26 /* libPods-BoxSimpleOAuth.a */; };
		47F8DC7966B9B858EF9CC5B5 /* libPods-BoxSimpleOAuthTests.a in Frameworks */ = {isa = PBXBuildFile; fileRef = CD61102C2D674C44E147EC09 /* libPods-BoxSimpleOAuthTests.a */; };
		9402BF431C84095C00EE7BC1 /* AppDelegate.m in Sources */ = {isa = PBXBuildFile; fileRef = 9402BF3C1C84095C00EE7BC1 /* AppDelegate.m */; };
		9402BF441C84095C00EE7BC1 /* JustAViewController.m in Sources */ = {isa = PBXBuildFile; fileRef = 9402BF3E1C84095C00EE7BC1 /* JustAViewController.m */; };
		9402BF451C84095C00EE7BC1 /* JustAViewController.xib in Resources */ = {isa = PBXBuildFile; fileRef = 9402BF3F1C84095C00EE7BC1 /* JustAViewController.xib */; };
		9402BF461C84095C00EE7BC1 /* MainViewController.m in Sources */ = {isa = PBXBuildFile; fileRef = 9402BF411C84095C00EE7BC1 /* MainViewController.m */; };
		9402BF471C84095C00EE7BC1 /* MainViewController.xib in Resources */ = {isa = PBXBuildFile; fileRef = 9402BF421C84095C00EE7BC1 /* MainViewController.xib */; };
		948DC4B11C83DB40000E0E87 /* FakeSimpleOAuth2AuthenticationManager.m in Sources */ = {isa = PBXBuildFile; fileRef = 948DC4B01C83DB40000E0E87 /* FakeSimpleOAuth2AuthenticationManager.m */; };
		AF27D4331A16513500820FC2 /* BoxConstants.m in Sources */ = {isa = PBXBuildFile; fileRef = AF27D4321A16513500820FC2 /* BoxConstants.m */; };
		AF4CF4F41A1327990013D8A6 /* main.m in Sources */ = {isa = PBXBuildFile; fileRef = AF4CF4F31A1327990013D8A6 /* main.m */; };
		AF4CF4FF1A1327990013D8A6 /* Images.xcassets in Resources */ = {isa = PBXBuildFile; fileRef = AF4CF4FE1A1327990013D8A6 /* Images.xcassets */; };
		AF4CF5021A1327990013D8A6 /* LaunchScreen.xib in Resources */ = {isa = PBXBuildFile; fileRef = AF4CF5001A1327990013D8A6 /* LaunchScreen.xib */; };
		AF4CF50E1A1327990013D8A6 /* BoxSimpleOAuthViewControllerTests.m in Sources */ = {isa = PBXBuildFile; fileRef = AF4CF50D1A1327990013D8A6 /* BoxSimpleOAuthViewControllerTests.m */; };
		AF4CF51A1A132B4B0013D8A6 /* BoxSimpleOAuthViewController.m in Sources */ = {isa = PBXBuildFile; fileRef = AF4CF5191A132B4B0013D8A6 /* BoxSimpleOAuthViewController.m */; };
		AF8AAFB21A13A94000147063 /* BoxSimpleOAuthViewController.xib in Resources */ = {isa = PBXBuildFile; fileRef = AF8AAFB11A13A94000147063 /* BoxSimpleOAuthViewController.xib */; };
		AF8AAFB51A13A9C100147063 /* BoxLoginResponseTests.m in Sources */ = {isa = PBXBuildFile; fileRef = AF8AAFB41A13A9C100147063 /* BoxLoginResponseTests.m */; };
		AF8AAFB91A13AA3500147063 /* FakeBoxOAuthResponse.m in Sources */ = {isa = PBXBuildFile; fileRef = AF8AAFB81A13AA3500147063 /* FakeBoxOAuthResponse.m */; };
		AF8AAFBC1A13AB8100147063 /* BoxLoginResponse.m in Sources */ = {isa = PBXBuildFile; fileRef = AF8AAFBB1A13AB8100147063 /* BoxLoginResponse.m */; };
		AFC0AAE81A17BD4E00025EF8 /* UIAlertView+TestUtils.m in Sources */ = {isa = PBXBuildFile; fileRef = AFC0AAE71A17BD4E00025EF8 /* UIAlertView+TestUtils.m */; };
		AFC0AAEB1A17BD8B00025EF8 /* NSLayoutConstraint+TestUtils.m in Sources */ = {isa = PBXBuildFile; fileRef = AFC0AAEA1A17BD8B00025EF8 /* NSLayoutConstraint+TestUtils.m */; };
		AFC0AAED1A17C95400025EF8 /* BoxAuthenticationManagerTests.m in Sources */ = {isa = PBXBuildFile; fileRef = AFC0AAEC1A17C95400025EF8 /* BoxAuthenticationManagerTests.m */; };
		AFC0AAF41A17CA9800025EF8 /* BoxAuthenticationManager.m in Sources */ = {isa = PBXBuildFile; fileRef = AFC0AAF31A17CA9800025EF8 /* BoxAuthenticationManager.m */; };
		AFC0AAF81A17CB7400025EF8 /* BoxTokenParameters.m in Sources */ = {isa = PBXBuildFile; fileRef = AFC0AAF71A17CB7400025EF8 /* BoxTokenParameters.m */; };
		AFC0AAFB1A17CD7F00025EF8 /* BoxTokenParametersTests.m in Sources */ = {isa = PBXBuildFile; fileRef = AFC0AAFA1A17CD7F00025EF8 /* BoxTokenParametersTests.m */; };
		AFC0AAFE1A17D5B800025EF8 /* FakeBoxAuthenticationManager.m in Sources */ = {isa = PBXBuildFile; fileRef = AFC0AAFD1A17D5B800025EF8 /* FakeBoxAuthenticationManager.m */; };
		AFC3EBB41A19BA130089FEB4 /* BoxRefreshTokenParameters.m in Sources */ = {isa = PBXBuildFile; fileRef = AFC3EBB31A19BA130089FEB4 /* BoxRefreshTokenParameters.m */; };
		AFC3EBB71A19BFD80089FEB4 /* BoxRefreshTokenParametersTests.m in Sources */ = {isa = PBXBuildFile; fileRef = AFC3EBB61A19BFD80089FEB4 /* BoxRefreshTokenParametersTests.m */; };
		AFC5CD4F1A171C32006A95C0 /* BoxSimpleOAuthViewControllerXibTests.m in Sources */ = {isa = PBXBuildFile; fileRef = AFC5CD4E1A171C32006A95C0 /* BoxSimpleOAuthViewControllerXibTests.m */; };
/* End PBXBuildFile section */

/* Begin PBXContainerItemProxy section */
		AF4CF5081A1327990013D8A6 /* PBXContainerItemProxy */ = {
			isa = PBXContainerItemProxy;
			containerPortal = AF4CF4E61A1327990013D8A6 /* Project object */;
			proxyType = 1;
			remoteGlobalIDString = AF4CF4ED1A1327990013D8A6;
			remoteInfo = BoxSimpleOAuth;
		};
/* End PBXContainerItemProxy section */

/* Begin PBXFileReference section */
		0017319A4E9A0B16B76AF2A2 /* Pods-BoxSimpleOAuthTests.release.xcconfig */ = {isa = PBXFileReference; includeInIndex = 1; lastKnownFileType = text.xcconfig; name = "Pods-BoxSimpleOAuthTests.release.xcconfig"; path = "Pods/Target Support Files/Pods-BoxSimpleOAuthTests/Pods-BoxSimpleOAuthTests.release.xcconfig"; sourceTree = "<group>"; };
		35674B29B39A4D40EC2FCA1F /* Pods-BoxSimpleOAuth.release.xcconfig */ = {isa = PBXFileReference; includeInIndex = 1; lastKnownFileType = text.xcconfig; name = "Pods-BoxSimpleOAuth.release.xcconfig"; path = "Pods/Target Support Files/Pods-BoxSimpleOAuth/Pods-BoxSimpleOAuth.release.xcconfig"; sourceTree = "<group>"; };
		806F62EC2F43E04C075A5D26 /* libPods-BoxSimpleOAuth.a */ = {isa = PBXFileReference; explicitFileType = archive.ar; includeInIndex = 0; path = "libPods-BoxSimpleOAuth.a"; sourceTree = BUILT_PRODUCTS_DIR; };
		9402BF3B1C84095C00EE7BC1 /* AppDelegate.h */ = {isa = PBXFileReference; fileEncoding = 4; lastKnownFileType = sourcecode.c.h; name = AppDelegate.h; path = AppCode/AppDelegate.h; sourceTree = "<group>"; };
		9402BF3C1C84095C00EE7BC1 /* AppDelegate.m */ = {isa = PBXFileReference; fileEncoding = 4; lastKnownFileType = sourcecode.c.objc; name = AppDelegate.m; path = AppCode/AppDelegate.m; sourceTree = "<group>"; };
		9402BF3D1C84095C00EE7BC1 /* JustAViewController.h */ = {isa = PBXFileReference; fileEncoding = 4; lastKnownFileType = sourcecode.c.h; name = JustAViewController.h; path = AppCode/JustAViewController.h; sourceTree = "<group>"; };
		9402BF3E1C84095C00EE7BC1 /* JustAViewController.m */ = {isa = PBXFileReference; fileEncoding = 4; lastKnownFileType = sourcecode.c.objc; name = JustAViewController.m; path = AppCode/JustAViewController.m; sourceTree = "<group>"; };
		9402BF3F1C84095C00EE7BC1 /* JustAViewController.xib */ = {isa = PBXFileReference; fileEncoding = 4; lastKnownFileType = file.xib; name = JustAViewController.xib; path = AppCode/JustAViewController.xib; sourceTree = "<group>"; };
		9402BF401C84095C00EE7BC1 /* MainViewController.h */ = {isa = PBXFileReference; fileEncoding = 4; lastKnownFileType = sourcecode.c.h; name = MainViewController.h; path = AppCode/MainViewController.h; sourceTree = "<group>"; };
		9402BF411C84095C00EE7BC1 /* MainViewController.m */ = {isa = PBXFileReference; fileEncoding = 4; lastKnownFileType = sourcecode.c.objc; name = MainViewController.m; path = AppCode/MainViewController.m; sourceTree = "<group>"; };
		9402BF421C84095C00EE7BC1 /* MainViewController.xib */ = {isa = PBXFileReference; fileEncoding = 4; lastKnownFileType = file.xib; name = MainViewController.xib; path = AppCode/MainViewController.xib; sourceTree = "<group>"; };
		948DC4AF1C83DB40000E0E87 /* FakeSimpleOAuth2AuthenticationManager.h */ = {isa = PBXFileReference; fileEncoding = 4; lastKnownFileType = sourcecode.c.h; path = FakeSimpleOAuth2AuthenticationManager.h; sourceTree = "<group>"; };
		948DC4B01C83DB40000E0E87 /* FakeSimpleOAuth2AuthenticationManager.m */ = {isa = PBXFileReference; fileEncoding = 4; lastKnownFileType = sourcecode.c.objc; path = FakeSimpleOAuth2AuthenticationManager.m; sourceTree = "<group>"; };
		AF27D4301A164EB100820FC2 /* BoxSimpleOAuth.h */ = {isa = PBXFileReference; lastKnownFileType = sourcecode.c.h; name = BoxSimpleOAuth.h; path = Source/BoxSimpleOAuth.h; sourceTree = "<group>"; };
		AF27D4311A16513500820FC2 /* BoxConstants.h */ = {isa = PBXFileReference; fileEncoding = 4; lastKnownFileType = sourcecode.c.h; name = BoxConstants.h; path = Source/BoxConstants.h; sourceTree = "<group>"; };
		AF27D4321A16513500820FC2 /* BoxConstants.m */ = {isa = PBXFileReference; fileEncoding = 4; lastKnownFileType = sourcecode.c.objc; name = BoxConstants.m; path = Source/BoxConstants.m; sourceTree = "<group>"; };
		AF4CF4EE1A1327990013D8A6 /* BoxSimpleOAuth.app */ = {isa = PBXFileReference; explicitFileType = wrapper.application; includeInIndex = 0; path = BoxSimpleOAuth.app; sourceTree = BUILT_PRODUCTS_DIR; };
		AF4CF4F21A1327990013D8A6 /* Info.plist */ = {isa = PBXFileReference; lastKnownFileType = text.plist.xml; path = Info.plist; sourceTree = "<group>"; };
		AF4CF4F31A1327990013D8A6 /* main.m */ = {isa = PBXFileReference; lastKnownFileType = sourcecode.c.objc; path = main.m; sourceTree = "<group>"; };
		AF4CF4FE1A1327990013D8A6 /* Images.xcassets */ = {isa = PBXFileReference; lastKnownFileType = folder.assetcatalog; path = Images.xcassets; sourceTree = "<group>"; };
		AF4CF5011A1327990013D8A6 /* Base */ = {isa = PBXFileReference; lastKnownFileType = file.xib; name = Base; path = Base.lproj/LaunchScreen.xib; sourceTree = "<group>"; };
		AF4CF5071A1327990013D8A6 /* BoxSimpleOAuthTests.xctest */ = {isa = PBXFileReference; explicitFileType = wrapper.cfbundle; includeInIndex = 0; path = BoxSimpleOAuthTests.xctest; sourceTree = BUILT_PRODUCTS_DIR; };
		AF4CF50C1A1327990013D8A6 /* Info.plist */ = {isa = PBXFileReference; lastKnownFileType = text.plist.xml; path = Info.plist; sourceTree = "<group>"; };
		AF4CF50D1A1327990013D8A6 /* BoxSimpleOAuthViewControllerTests.m */ = {isa = PBXFileReference; lastKnownFileType = sourcecode.c.objc; path = BoxSimpleOAuthViewControllerTests.m; sourceTree = "<group>"; };
		AF4CF5181A132B4B0013D8A6 /* BoxSimpleOAuthViewController.h */ = {isa = PBXFileReference; fileEncoding = 4; lastKnownFileType = sourcecode.c.h; name = BoxSimpleOAuthViewController.h; path = Source/BoxSimpleOAuthViewController.h; sourceTree = "<group>"; };
		AF4CF5191A132B4B0013D8A6 /* BoxSimpleOAuthViewController.m */ = {isa = PBXFileReference; fileEncoding = 4; lastKnownFileType = sourcecode.c.objc; name = BoxSimpleOAuthViewController.m; path = Source/BoxSimpleOAuthViewController.m; sourceTree = "<group>"; };
		AF8AAFB11A13A94000147063 /* BoxSimpleOAuthViewController.xib */ = {isa = PBXFileReference; fileEncoding = 4; lastKnownFileType = file.xib; name = BoxSimpleOAuthViewController.xib; path = Source/BoxSimpleOAuthViewController.xib; sourceTree = "<group>"; };
		AF8AAFB41A13A9C100147063 /* BoxLoginResponseTests.m */ = {isa = PBXFileReference; fileEncoding = 4; lastKnownFileType = sourcecode.c.objc; path = BoxLoginResponseTests.m; sourceTree = "<group>"; };
		AF8AAFB71A13AA3500147063 /* FakeBoxOAuthResponse.h */ = {isa = PBXFileReference; fileEncoding = 4; lastKnownFileType = sourcecode.c.h; path = FakeBoxOAuthResponse.h; sourceTree = "<group>"; };
		AF8AAFB81A13AA3500147063 /* FakeBoxOAuthResponse.m */ = {isa = PBXFileReference; fileEncoding = 4; lastKnownFileType = sourcecode.c.objc; path = FakeBoxOAuthResponse.m; sourceTree = "<group>"; };
		AF8AAFBA1A13AB8100147063 /* BoxLoginResponse.h */ = {isa = PBXFileReference; fileEncoding = 4; lastKnownFileType = sourcecode.c.h; name = BoxLoginResponse.h; path = Source/BoxLoginResponse.h; sourceTree = "<group>"; };
		AF8AAFBB1A13AB8100147063 /* BoxLoginResponse.m */ = {isa = PBXFileReference; fileEncoding = 4; lastKnownFileType = sourcecode.c.objc; name = BoxLoginResponse.m; path = Source/BoxLoginResponse.m; sourceTree = "<group>"; };
		AFC0AAE61A17BD4E00025EF8 /* UIAlertView+TestUtils.h */ = {isa = PBXFileReference; fileEncoding = 4; lastKnownFileType = sourcecode.c.h; path = "UIAlertView+TestUtils.h"; sourceTree = "<group>"; };
		AFC0AAE71A17BD4E00025EF8 /* UIAlertView+TestUtils.m */ = {isa = PBXFileReference; fileEncoding = 4; lastKnownFileType = sourcecode.c.objc; path = "UIAlertView+TestUtils.m"; sourceTree = "<group>"; };
		AFC0AAE91A17BD8B00025EF8 /* NSLayoutConstraint+TestUtils.h */ = {isa = PBXFileReference; fileEncoding = 4; lastKnownFileType = sourcecode.c.h; path = "NSLayoutConstraint+TestUtils.h"; sourceTree = "<group>"; };
		AFC0AAEA1A17BD8B00025EF8 /* NSLayoutConstraint+TestUtils.m */ = {isa = PBXFileReference; fileEncoding = 4; lastKnownFileType = sourcecode.c.objc; path = "NSLayoutConstraint+TestUtils.m"; sourceTree = "<group>"; };
		AFC0AAEC1A17C95400025EF8 /* BoxAuthenticationManagerTests.m */ = {isa = PBXFileReference; fileEncoding = 4; lastKnownFileType = sourcecode.c.objc; path = BoxAuthenticationManagerTests.m; sourceTree = "<group>"; };
		AFC0AAF21A17CA9800025EF8 /* BoxAuthenticationManager.h */ = {isa = PBXFileReference; fileEncoding = 4; lastKnownFileType = sourcecode.c.h; name = BoxAuthenticationManager.h; path = Source/BoxAuthenticationManager.h; sourceTree = "<group>"; };
		AFC0AAF31A17CA9800025EF8 /* BoxAuthenticationManager.m */ = {isa = PBXFileReference; fileEncoding = 4; lastKnownFileType = sourcecode.c.objc; name = BoxAuthenticationManager.m; path = Source/BoxAuthenticationManager.m; sourceTree = "<group>"; };
		AFC0AAF61A17CB7400025EF8 /* BoxTokenParameters.h */ = {isa = PBXFileReference; fileEncoding = 4; lastKnownFileType = sourcecode.c.h; name = BoxTokenParameters.h; path = Source/BoxTokenParameters.h; sourceTree = "<group>"; };
		AFC0AAF71A17CB7400025EF8 /* BoxTokenParameters.m */ = {isa = PBXFileReference; fileEncoding = 4; lastKnownFileType = sourcecode.c.objc; name = BoxTokenParameters.m; path = Source/BoxTokenParameters.m; sourceTree = "<group>"; };
		AFC0AAFA1A17CD7F00025EF8 /* BoxTokenParametersTests.m */ = {isa = PBXFileReference; fileEncoding = 4; lastKnownFileType = sourcecode.c.objc; path = BoxTokenParametersTests.m; sourceTree = "<group>"; };
		AFC0AAFC1A17D5B800025EF8 /* FakeBoxAuthenticationManager.h */ = {isa = PBXFileReference; fileEncoding = 4; lastKnownFileType = sourcecode.c.h; path = FakeBoxAuthenticationManager.h; sourceTree = "<group>"; };
		AFC0AAFD1A17D5B800025EF8 /* FakeBoxAuthenticationManager.m */ = {isa = PBXFileReference; fileEncoding = 4; lastKnownFileType = sourcecode.c.objc; path = FakeBoxAuthenticationManager.m; sourceTree = "<group>"; };
		AFC3EBB21A19BA130089FEB4 /* BoxRefreshTokenParameters.h */ = {isa = PBXFileReference; fileEncoding = 4; lastKnownFileType = sourcecode.c.h; name = BoxRefreshTokenParameters.h; path = Source/BoxRefreshTokenParameters.h; sourceTree = "<group>"; };
		AFC3EBB31A19BA130089FEB4 /* BoxRefreshTokenParameters.m */ = {isa = PBXFileReference; fileEncoding = 4; lastKnownFileType = sourcecode.c.objc; name = BoxRefreshTokenParameters.m; path = Source/BoxRefreshTokenParameters.m; sourceTree = "<group>"; };
		AFC3EBB61A19BFD80089FEB4 /* BoxRefreshTokenParametersTests.m */ = {isa = PBXFileReference; fileEncoding = 4; lastKnownFileType = sourcecode.c.objc; path = BoxRefreshTokenParametersTests.m; sourceTree = "<group>"; };
		AFC5CD4E1A171C32006A95C0 /* BoxSimpleOAuthViewControllerXibTests.m */ = {isa = PBXFileReference; fileEncoding = 4; lastKnownFileType = sourcecode.c.objc; path = BoxSimpleOAuthViewControllerXibTests.m; sourceTree = "<group>"; };
		AFDD773E1A132CC700B349AE /* README.md */ = {isa = PBXFileReference; fileEncoding = 4; lastKnownFileType = net.daringfireball.markdown; path = README.md; sourceTree = "<group>"; };
		B042B58440F69176CCFBE0AF /* Pods-BoxSimpleOAuth.debug.xcconfig */ = {isa = PBXFileReference; includeInIndex = 1; lastKnownFileType = text.xcconfig; name = "Pods-BoxSimpleOAuth.debug.xcconfig"; path = "Pods/Target Support Files/Pods-BoxSimpleOAuth/Pods-BoxSimpleOAuth.debug.xcconfig"; sourceTree = "<group>"; };
		CD61102C2D674C44E147EC09 /* libPods-BoxSimpleOAuthTests.a */ = {isa = PBXFileReference; explicitFileType = archive.ar; includeInIndex = 0; path = "libPods-BoxSimpleOAuthTests.a"; sourceTree = BUILT_PRODUCTS_DIR; };
		F8FC09FC6580E69AAD565D3A /* Pods-BoxSimpleOAuthTests.debug.xcconfig */ = {isa = PBXFileReference; includeInIndex = 1; lastKnownFileType = text.xcconfig; name = "Pods-BoxSimpleOAuthTests.debug.xcconfig"; path = "Pods/Target Support Files/Pods-BoxSimpleOAuthTests/Pods-BoxSimpleOAuthTests.debug.xcconfig"; sourceTree = "<group>"; };
/* End PBXFileReference section */

/* Begin PBXFrameworksBuildPhase section */
		AF4CF4EB1A1327990013D8A6 /* Frameworks */ = {
			isa = PBXFrameworksBuildPhase;
			buildActionMask = 2147483647;
			files = (
				42895D3B62BDC5891C5C7B0C /* libPods-BoxSimpleOAuth.a in Frameworks */,
			);
			runOnlyForDeploymentPostprocessing = 0;
		};
		AF4CF5041A1327990013D8A6 /* Frameworks */ = {
			isa = PBXFrameworksBuildPhase;
			buildActionMask = 2147483647;
			files = (
				47F8DC7966B9B858EF9CC5B5 /* libPods-BoxSimpleOAuthTests.a in Frameworks */,
			);
			runOnlyForDeploymentPostprocessing = 0;
		};
/* End PBXFrameworksBuildPhase section */

/* Begin PBXGroup section */
		A4431B949514D1C71368ABD3 /* Pods */ = {
			isa = PBXGroup;
			children = (
				B042B58440F69176CCFBE0AF /* Pods-BoxSimpleOAuth.debug.xcconfig */,
				35674B29B39A4D40EC2FCA1F /* Pods-BoxSimpleOAuth.release.xcconfig */,
				F8FC09FC6580E69AAD565D3A /* Pods-BoxSimpleOAuthTests.debug.xcconfig */,
				0017319A4E9A0B16B76AF2A2 /* Pods-BoxSimpleOAuthTests.release.xcconfig */,
			);
			name = Pods;
			sourceTree = "<group>";
		};
		A93BF3EBE595AF3DC1375D3C /* Frameworks */ = {
			isa = PBXGroup;
			children = (
				806F62EC2F43E04C075A5D26 /* libPods-BoxSimpleOAuth.a */,
				CD61102C2D674C44E147EC09 /* libPods-BoxSimpleOAuthTests.a */,
			);
			name = Frameworks;
			sourceTree = "<group>";
		};
		AF4CF4E51A1327990013D8A6 = {
			isa = PBXGroup;
			children = (
				AFDD773D1A132C9E00B349AE /* Github */,
				AF4CF4F01A1327990013D8A6 /* BoxSimpleOAuth */,
				AF4CF50A1A1327990013D8A6 /* BoxSimpleOAuthTests */,
				AF4CF4EF1A1327990013D8A6 /* Products */,
				A4431B949514D1C71368ABD3 /* Pods */,
				A93BF3EBE595AF3DC1375D3C /* Frameworks */,
			);
			sourceTree = "<group>";
		};
		AF4CF4EF1A1327990013D8A6 /* Products */ = {
			isa = PBXGroup;
			children = (
				AF4CF4EE1A1327990013D8A6 /* BoxSimpleOAuth.app */,
				AF4CF5071A1327990013D8A6 /* BoxSimpleOAuthTests.xctest */,
			);
			name = Products;
			sourceTree = "<group>";
		};
		AF4CF4F01A1327990013D8A6 /* BoxSimpleOAuth */ = {
			isa = PBXGroup;
			children = (
				AF27D4301A164EB100820FC2 /* BoxSimpleOAuth.h */,
				AF27D4311A16513500820FC2 /* BoxConstants.h */,
				AF27D4321A16513500820FC2 /* BoxConstants.m */,
				AF4CF5181A132B4B0013D8A6 /* BoxSimpleOAuthViewController.h */,
				AF4CF5191A132B4B0013D8A6 /* BoxSimpleOAuthViewController.m */,
				AF8AAFB11A13A94000147063 /* BoxSimpleOAuthViewController.xib */,
				AF8AAFBA1A13AB8100147063 /* BoxLoginResponse.h */,
				AF8AAFBB1A13AB8100147063 /* BoxLoginResponse.m */,
				AFC0AAF61A17CB7400025EF8 /* BoxTokenParameters.h */,
				AFC0AAF71A17CB7400025EF8 /* BoxTokenParameters.m */,
				AFC3EBB21A19BA130089FEB4 /* BoxRefreshTokenParameters.h */,
				AFC3EBB31A19BA130089FEB4 /* BoxRefreshTokenParameters.m */,
				AFC0AAF21A17CA9800025EF8 /* BoxAuthenticationManager.h */,
				AFC0AAF31A17CA9800025EF8 /* BoxAuthenticationManager.m */,
				AF4CF5171A132AF90013D8A6 /* AppCode */,
			);
			path = BoxSimpleOAuth;
			sourceTree = "<group>";
		};
		AF4CF4F11A1327990013D8A6 /* Supporting Files */ = {
			isa = PBXGroup;
			children = (
				AF4CF5001A1327990013D8A6 /* LaunchScreen.xib */,
				AF4CF4FE1A1327990013D8A6 /* Images.xcassets */,
				AF4CF4F21A1327990013D8A6 /* Info.plist */,
				AF4CF4F31A1327990013D8A6 /* main.m */,
			);
			name = "Supporting Files";
			sourceTree = "<group>";
		};
		AF4CF50A1A1327990013D8A6 /* BoxSimpleOAuthTests */ = {
			isa = PBXGroup;
			children = (
				AFC0AAEE1A17CA3100025EF8 /* Real Fakes */,
				AF8AAFB61A13AA1800147063 /* Fakes */,
				AFC0AAE51A17BD2A00025EF8 /* Test Utils */,
				AF4CF50D1A1327990013D8A6 /* BoxSimpleOAuthViewControllerTests.m */,
				AFC5CD4E1A171C32006A95C0 /* BoxSimpleOAuthViewControllerXibTests.m */,
				AF8AAFB41A13A9C100147063 /* BoxLoginResponseTests.m */,
				AFC0AAFA1A17CD7F00025EF8 /* BoxTokenParametersTests.m */,
				AFC3EBB61A19BFD80089FEB4 /* BoxRefreshTokenParametersTests.m */,
				AFC0AAEC1A17C95400025EF8 /* BoxAuthenticationManagerTests.m */,
				AF4CF50B1A1327990013D8A6 /* Supporting Files */,
			);
			path = BoxSimpleOAuthTests;
			sourceTree = "<group>";
		};
		AF4CF50B1A1327990013D8A6 /* Supporting Files */ = {
			isa = PBXGroup;
			children = (
				AF4CF50C1A1327990013D8A6 /* Info.plist */,
			);
			name = "Supporting Files";
			sourceTree = "<group>";
		};
		AF4CF5171A132AF90013D8A6 /* AppCode */ = {
			isa = PBXGroup;
			children = (
				9402BF3B1C84095C00EE7BC1 /* AppDelegate.h */,
				9402BF3C1C84095C00EE7BC1 /* AppDelegate.m */,
				9402BF3D1C84095C00EE7BC1 /* JustAViewController.h */,
				9402BF3E1C84095C00EE7BC1 /* JustAViewController.m */,
				9402BF3F1C84095C00EE7BC1 /* JustAViewController.xib */,
				9402BF401C84095C00EE7BC1 /* MainViewController.h */,
				9402BF411C84095C00EE7BC1 /* MainViewController.m */,
				9402BF421C84095C00EE7BC1 /* MainViewController.xib */,
				AF4CF4F11A1327990013D8A6 /* Supporting Files */,
			);
			name = AppCode;
			sourceTree = "<group>";
		};
		AF8AAFB61A13AA1800147063 /* Fakes */ = {
			isa = PBXGroup;
			children = (
				AF8AAFB71A13AA3500147063 /* FakeBoxOAuthResponse.h */,
				AF8AAFB81A13AA3500147063 /* FakeBoxOAuthResponse.m */,
			);
			name = Fakes;
			sourceTree = "<group>";
		};
		AFC0AAE51A17BD2A00025EF8 /* Test Utils */ = {
			isa = PBXGroup;
			children = (
				AFC0AAE91A17BD8B00025EF8 /* NSLayoutConstraint+TestUtils.h */,
				AFC0AAEA1A17BD8B00025EF8 /* NSLayoutConstraint+TestUtils.m */,
				AFC0AAE61A17BD4E00025EF8 /* UIAlertView+TestUtils.h */,
				AFC0AAE71A17BD4E00025EF8 /* UIAlertView+TestUtils.m */,
			);
			name = "Test Utils";
			sourceTree = "<group>";
		};
		AFC0AAEE1A17CA3100025EF8 /* Real Fakes */ = {
			isa = PBXGroup;
			children = (
				AFC0AAFC1A17D5B800025EF8 /* FakeBoxAuthenticationManager.h */,
				AFC0AAFD1A17D5B800025EF8 /* FakeBoxAuthenticationManager.m */,
				948DC4AF1C83DB40000E0E87 /* FakeSimpleOAuth2AuthenticationManager.h */,
				948DC4B01C83DB40000E0E87 /* FakeSimpleOAuth2AuthenticationManager.m */,
			);
			name = "Real Fakes";
			sourceTree = "<group>";
		};
		AFDD773D1A132C9E00B349AE /* Github */ = {
			isa = PBXGroup;
			children = (
				AFDD773E1A132CC700B349AE /* README.md */,
			);
			name = Github;
			sourceTree = "<group>";
		};
/* End PBXGroup section */

/* Begin PBXNativeTarget section */
		AF4CF4ED1A1327990013D8A6 /* BoxSimpleOAuth */ = {
			isa = PBXNativeTarget;
			buildConfigurationList = AF4CF5111A1327990013D8A6 /* Build configuration list for PBXNativeTarget "BoxSimpleOAuth" */;
			buildPhases = (
				F2AB3DB2C0A808FEA74614A7 /* Check Pods Manifest.lock */,
				AF4CF4EA1A1327990013D8A6 /* Sources */,
				AF4CF4EB1A1327990013D8A6 /* Frameworks */,
				AF4CF4EC1A1327990013D8A6 /* Resources */,
				E4974B8C67FA3555517B0344 /* Copy Pods Resources */,
				12E93426B9D5B4F891077344 /* Embed Pods Frameworks */,
			);
			buildRules = (
			);
			dependencies = (
			);
			name = BoxSimpleOAuth;
			productName = BoxSimpleOAuth;
			productReference = AF4CF4EE1A1327990013D8A6 /* BoxSimpleOAuth.app */;
			productType = "com.apple.product-type.application";
		};
		AF4CF5061A1327990013D8A6 /* BoxSimpleOAuthTests */ = {
			isa = PBXNativeTarget;
			buildConfigurationList = AF4CF5141A1327990013D8A6 /* Build configuration list for PBXNativeTarget "BoxSimpleOAuthTests" */;
			buildPhases = (
				2914590E9DAEBA9FAB77B2F6 /* Check Pods Manifest.lock */,
				AF4CF5031A1327990013D8A6 /* Sources */,
				AF4CF5041A1327990013D8A6 /* Frameworks */,
				AF4CF5051A1327990013D8A6 /* Resources */,
				E937FB2362F0F81909B1332C /* Copy Pods Resources */,
				395BEADEA2063281D5AB07C4 /* Embed Pods Frameworks */,
			);
			buildRules = (
			);
			dependencies = (
				AF4CF5091A1327990013D8A6 /* PBXTargetDependency */,
			);
			name = BoxSimpleOAuthTests;
			productName = BoxSimpleOAuthTests;
			productReference = AF4CF5071A1327990013D8A6 /* BoxSimpleOAuthTests.xctest */;
			productType = "com.apple.product-type.bundle.unit-test";
		};
/* End PBXNativeTarget section */

/* Begin PBXProject section */
		AF4CF4E61A1327990013D8A6 /* Project object */ = {
			isa = PBXProject;
			attributes = {
				LastUpgradeCheck = 0720;
				ORGANIZATIONNAME = rkb;
				TargetAttributes = {
					AF4CF4ED1A1327990013D8A6 = {
						CreatedOnToolsVersion = 6.1;
					};
					AF4CF5061A1327990013D8A6 = {
						CreatedOnToolsVersion = 6.1;
						TestTargetID = AF4CF4ED1A1327990013D8A6;
					};
				};
			};
			buildConfigurationList = AF4CF4E91A1327990013D8A6 /* Build configuration list for PBXProject "BoxSimpleOAuth" */;
			compatibilityVersion = "Xcode 3.2";
			developmentRegion = English;
			hasScannedForEncodings = 0;
			knownRegions = (
				en,
				Base,
			);
			mainGroup = AF4CF4E51A1327990013D8A6;
			productRefGroup = AF4CF4EF1A1327990013D8A6 /* Products */;
			projectDirPath = "";
			projectRoot = "";
			targets = (
				AF4CF4ED1A1327990013D8A6 /* BoxSimpleOAuth */,
				AF4CF5061A1327990013D8A6 /* BoxSimpleOAuthTests */,
			);
		};
/* End PBXProject section */

/* Begin PBXResourcesBuildPhase section */
		AF4CF4EC1A1327990013D8A6 /* Resources */ = {
			isa = PBXResourcesBuildPhase;
			buildActionMask = 2147483647;
			files = (
				AF8AAFB21A13A94000147063 /* BoxSimpleOAuthViewController.xib in Resources */,
				AF4CF5021A1327990013D8A6 /* LaunchScreen.xib in Resources */,
				9402BF471C84095C00EE7BC1 /* MainViewController.xib in Resources */,
				9402BF451C84095C00EE7BC1 /* JustAViewController.xib in Resources */,
				AF4CF4FF1A1327990013D8A6 /* Images.xcassets in Resources */,
			);
			runOnlyForDeploymentPostprocessing = 0;
		};
		AF4CF5051A1327990013D8A6 /* Resources */ = {
			isa = PBXResourcesBuildPhase;
			buildActionMask = 2147483647;
			files = (
			);
			runOnlyForDeploymentPostprocessing = 0;
		};
/* End PBXResourcesBuildPhase section */

/* Begin PBXShellScriptBuildPhase section */
		12E93426B9D5B4F891077344 /* Embed Pods Frameworks */ = {
			isa = PBXShellScriptBuildPhase;
			buildActionMask = 2147483647;
			files = (
			);
			inputPaths = (
			);
			name = "Embed Pods Frameworks";
			outputPaths = (
			);
			runOnlyForDeploymentPostprocessing = 0;
			shellPath = /bin/sh;
			shellScript = "\"${SRCROOT}/Pods/Target Support Files/Pods-BoxSimpleOAuth/Pods-BoxSimpleOAuth-frameworks.sh\"\n";
			showEnvVarsInLog = 0;
		};
		2914590E9DAEBA9FAB77B2F6 /* Check Pods Manifest.lock */ = {
			isa = PBXShellScriptBuildPhase;
			buildActionMask = 2147483647;
			files = (
			);
			inputPaths = (
			);
			name = "Check Pods Manifest.lock";
			outputPaths = (
			);
			runOnlyForDeploymentPostprocessing = 0;
			shellPath = /bin/sh;
			shellScript = "diff \"${PODS_ROOT}/../Podfile.lock\" \"${PODS_ROOT}/Manifest.lock\" > /dev/null\nif [[ $? != 0 ]] ; then\n    cat << EOM\nerror: The sandbox is not in sync with the Podfile.lock. Run 'pod install' or update your CocoaPods installation.\nEOM\n    exit 1\nfi\n";
			showEnvVarsInLog = 0;
		};
		395BEADEA2063281D5AB07C4 /* Embed Pods Frameworks */ = {
			isa = PBXShellScriptBuildPhase;
			buildActionMask = 2147483647;
			files = (
			);
			inputPaths = (
			);
			name = "Embed Pods Frameworks";
			outputPaths = (
			);
			runOnlyForDeploymentPostprocessing = 0;
			shellPath = /bin/sh;
			shellScript = "\"${SRCROOT}/Pods/Target Support Files/Pods-BoxSimpleOAuthTests/Pods-BoxSimpleOAuthTests-frameworks.sh\"\n";
			showEnvVarsInLog = 0;
		};
		E4974B8C67FA3555517B0344 /* Copy Pods Resources */ = {
			isa = PBXShellScriptBuildPhase;
			buildActionMask = 2147483647;
			files = (
			);
			inputPaths = (
			);
			name = "Copy Pods Resources";
			outputPaths = (
			);
			runOnlyForDeploymentPostprocessing = 0;
			shellPath = /bin/sh;
			shellScript = "\"${SRCROOT}/Pods/Target Support Files/Pods-BoxSimpleOAuth/Pods-BoxSimpleOAuth-resources.sh\"\n";
			showEnvVarsInLog = 0;
		};
		E937FB2362F0F81909B1332C /* Copy Pods Resources */ = {
			isa = PBXShellScriptBuildPhase;
			buildActionMask = 2147483647;
			files = (
			);
			inputPaths = (
			);
			name = "Copy Pods Resources";
			outputPaths = (
			);
			runOnlyForDeploymentPostprocessing = 0;
			shellPath = /bin/sh;
			shellScript = "\"${SRCROOT}/Pods/Target Support Files/Pods-BoxSimpleOAuthTests/Pods-BoxSimpleOAuthTests-resources.sh\"\n";
			showEnvVarsInLog = 0;
		};
		F2AB3DB2C0A808FEA74614A7 /* Check Pods Manifest.lock */ = {
			isa = PBXShellScriptBuildPhase;
			buildActionMask = 2147483647;
			files = (
			);
			inputPaths = (
			);
			name = "Check Pods Manifest.lock";
			outputPaths = (
			);
			runOnlyForDeploymentPostprocessing = 0;
			shellPath = /bin/sh;
			shellScript = "diff \"${PODS_ROOT}/../Podfile.lock\" \"${PODS_ROOT}/Manifest.lock\" > /dev/null\nif [[ $? != 0 ]] ; then\n    cat << EOM\nerror: The sandbox is not in sync with the Podfile.lock. Run 'pod install' or update your CocoaPods installation.\nEOM\n    exit 1\nfi\n";
			showEnvVarsInLog = 0;
		};
/* End PBXShellScriptBuildPhase section */

/* Begin PBXSourcesBuildPhase section */
		AF4CF4EA1A1327990013D8A6 /* Sources */ = {
			isa = PBXSourcesBuildPhase;
			buildActionMask = 2147483647;
			files = (
				9402BF441C84095C00EE7BC1 /* JustAViewController.m in Sources */,
				AF8AAFBC1A13AB8100147063 /* BoxLoginResponse.m in Sources */,
				AFC0AAF41A17CA9800025EF8 /* BoxAuthenticationManager.m in Sources */,
				9402BF461C84095C00EE7BC1 /* MainViewController.m in Sources */,
				AFC0AAF81A17CB7400025EF8 /* BoxTokenParameters.m in Sources */,
				AF4CF51A1A132B4B0013D8A6 /* BoxSimpleOAuthViewController.m in Sources */,
				9402BF431C84095C00EE7BC1 /* AppDelegate.m in Sources */,
				AFC3EBB41A19BA130089FEB4 /* BoxRefreshTokenParameters.m in Sources */,
				AF27D4331A16513500820FC2 /* BoxConstants.m in Sources */,
				AF4CF4F41A1327990013D8A6 /* main.m in Sources */,
			);
			runOnlyForDeploymentPostprocessing = 0;
		};
		AF4CF5031A1327990013D8A6 /* Sources */ = {
			isa = PBXSourcesBuildPhase;
			buildActionMask = 2147483647;
			files = (
				AF8AAFB51A13A9C100147063 /* BoxLoginResponseTests.m in Sources */,
				AF8AAFB91A13AA3500147063 /* FakeBoxOAuthResponse.m in Sources */,
				AFC5CD4F1A171C32006A95C0 /* BoxSimpleOAuthViewControllerXibTests.m in Sources */,
				AFC0AAED1A17C95400025EF8 /* BoxAuthenticationManagerTests.m in Sources */,
				AF4CF50E1A1327990013D8A6 /* BoxSimpleOAuthViewControllerTests.m in Sources */,
				AFC0AAEB1A17BD8B00025EF8 /* NSLayoutConstraint+TestUtils.m in Sources */,
				AFC3EBB71A19BFD80089FEB4 /* BoxRefreshTokenParametersTests.m in Sources */,
				948DC4B11C83DB40000E0E87 /* FakeSimpleOAuth2AuthenticationManager.m in Sources */,
				AFC0AAE81A17BD4E00025EF8 /* UIAlertView+TestUtils.m in Sources */,
				AFC0AAFE1A17D5B800025EF8 /* FakeBoxAuthenticationManager.m in Sources */,
				AFC0AAFB1A17CD7F00025EF8 /* BoxTokenParametersTests.m in Sources */,
			);
			runOnlyForDeploymentPostprocessing = 0;
		};
/* End PBXSourcesBuildPhase section */

/* Begin PBXTargetDependency section */
		AF4CF5091A1327990013D8A6 /* PBXTargetDependency */ = {
			isa = PBXTargetDependency;
			target = AF4CF4ED1A1327990013D8A6 /* BoxSimpleOAuth */;
			targetProxy = AF4CF5081A1327990013D8A6 /* PBXContainerItemProxy */;
		};
/* End PBXTargetDependency section */

/* Begin PBXVariantGroup section */
		AF4CF5001A1327990013D8A6 /* LaunchScreen.xib */ = {
			isa = PBXVariantGroup;
			children = (
				AF4CF5011A1327990013D8A6 /* Base */,
			);
			name = LaunchScreen.xib;
			sourceTree = "<group>";
		};
/* End PBXVariantGroup section */

/* Begin XCBuildConfiguration section */
		AF4CF50F1A1327990013D8A6 /* Debug */ = {
			isa = XCBuildConfiguration;
			buildSettings = {
				ALWAYS_SEARCH_USER_PATHS = NO;
				CLANG_CXX_LANGUAGE_STANDARD = "gnu++0x";
				CLANG_CXX_LIBRARY = "libc++";
				CLANG_ENABLE_MODULES = YES;
				CLANG_ENABLE_OBJC_ARC = YES;
				CLANG_WARN_BOOL_CONVERSION = YES;
				CLANG_WARN_CONSTANT_CONVERSION = YES;
				CLANG_WARN_DIRECT_OBJC_ISA_USAGE = YES_ERROR;
				CLANG_WARN_EMPTY_BODY = YES;
				CLANG_WARN_ENUM_CONVERSION = YES;
				CLANG_WARN_INT_CONVERSION = YES;
				CLANG_WARN_OBJC_ROOT_CLASS = YES_ERROR;
				CLANG_WARN_UNREACHABLE_CODE = YES;
				CLANG_WARN__DUPLICATE_METHOD_MATCH = YES;
				"CODE_SIGN_IDENTITY[sdk=iphoneos*]" = "iPhone Developer";
				COPY_PHASE_STRIP = NO;
				ENABLE_STRICT_OBJC_MSGSEND = YES;
				ENABLE_TESTABILITY = YES;
				GCC_C_LANGUAGE_STANDARD = gnu99;
				GCC_DYNAMIC_NO_PIC = NO;
				GCC_OPTIMIZATION_LEVEL = 0;
				GCC_PREPROCESSOR_DEFINITIONS = (
					"DEBUG=1",
					"$(inherited)",
				);
				GCC_SYMBOLS_PRIVATE_EXTERN = NO;
				GCC_WARN_64_TO_32_BIT_CONVERSION = YES;
				GCC_WARN_ABOUT_RETURN_TYPE = YES_ERROR;
				GCC_WARN_UNDECLARED_SELECTOR = YES;
				GCC_WARN_UNINITIALIZED_AUTOS = YES_AGGRESSIVE;
				GCC_WARN_UNUSED_FUNCTION = YES;
				GCC_WARN_UNUSED_VARIABLE = YES;
				IPHONEOS_DEPLOYMENT_TARGET = 7.0;
				MTL_ENABLE_DEBUG_INFO = YES;
				ONLY_ACTIVE_ARCH = YES;
				SDKROOT = iphoneos;
				TARGETED_DEVICE_FAMILY = "1,2";
			};
			name = Debug;
		};
		AF4CF5101A1327990013D8A6 /* Release */ = {
			isa = XCBuildConfiguration;
			buildSettings = {
				ALWAYS_SEARCH_USER_PATHS = NO;
				CLANG_CXX_LANGUAGE_STANDARD = "gnu++0x";
				CLANG_CXX_LIBRARY = "libc++";
				CLANG_ENABLE_MODULES = YES;
				CLANG_ENABLE_OBJC_ARC = YES;
				CLANG_WARN_BOOL_CONVERSION = YES;
				CLANG_WARN_CONSTANT_CONVERSION = YES;
				CLANG_WARN_DIRECT_OBJC_ISA_USAGE = YES_ERROR;
				CLANG_WARN_EMPTY_BODY = YES;
				CLANG_WARN_ENUM_CONVERSION = YES;
				CLANG_WARN_INT_CONVERSION = YES;
				CLANG_WARN_OBJC_ROOT_CLASS = YES_ERROR;
				CLANG_WARN_UNREACHABLE_CODE = YES;
				CLANG_WARN__DUPLICATE_METHOD_MATCH = YES;
				"CODE_SIGN_IDENTITY[sdk=iphoneos*]" = "iPhone Developer";
				COPY_PHASE_STRIP = YES;
				ENABLE_NS_ASSERTIONS = NO;
				ENABLE_STRICT_OBJC_MSGSEND = YES;
				GCC_C_LANGUAGE_STANDARD = gnu99;
				GCC_WARN_64_TO_32_BIT_CONVERSION = YES;
				GCC_WARN_ABOUT_RETURN_TYPE = YES_ERROR;
				GCC_WARN_UNDECLARED_SELECTOR = YES;
				GCC_WARN_UNINITIALIZED_AUTOS = YES_AGGRESSIVE;
				GCC_WARN_UNUSED_FUNCTION = YES;
				GCC_WARN_UNUSED_VARIABLE = YES;
				IPHONEOS_DEPLOYMENT_TARGET = 7.0;
				MTL_ENABLE_DEBUG_INFO = NO;
				SDKROOT = iphoneos;
				TARGETED_DEVICE_FAMILY = "1,2";
				VALIDATE_PRODUCT = YES;
			};
			name = Release;
		};
		AF4CF5121A1327990013D8A6 /* Debug */ = {
			isa = XCBuildConfiguration;
			baseConfigurationReference = B042B58440F69176CCFBE0AF /* Pods-BoxSimpleOAuth.debug.xcconfig */;
			buildSettings = {
				ASSETCATALOG_COMPILER_APPICON_NAME = AppIcon;
				ASSETCATALOG_COMPILER_LAUNCHIMAGE_NAME = LaunchImage;
				HEADER_SEARCH_PATHS = "$(inherited)";
				INFOPLIST_FILE = BoxSimpleOAuth/Info.plist;
				IPHONEOS_DEPLOYMENT_TARGET = 7.0;
				LD_RUNPATH_SEARCH_PATHS = "$(inherited) @executable_path/Frameworks";
				OTHER_CFLAGS = "$(inherited)";
				OTHER_LDFLAGS = "$(inherited)";
				PRODUCT_BUNDLE_IDENTIFIER = "rkb.$(PRODUCT_NAME:rfc1034identifier)";
				PRODUCT_NAME = "$(TARGET_NAME)";
			};
			name = Debug;
		};
		AF4CF5131A1327990013D8A6 /* Release */ = {
			isa = XCBuildConfiguration;
			baseConfigurationReference = 35674B29B39A4D40EC2FCA1F /* Pods-BoxSimpleOAuth.release.xcconfig */;
			buildSettings = {
				ASSETCATALOG_COMPILER_APPICON_NAME = AppIcon;
				ASSETCATALOG_COMPILER_LAUNCHIMAGE_NAME = LaunchImage;
				ENABLE_TESTABILITY = YES;
				HEADER_SEARCH_PATHS = "$(inherited)";
				INFOPLIST_FILE = BoxSimpleOAuth/Info.plist;
				IPHONEOS_DEPLOYMENT_TARGET = 7.0;
				LD_RUNPATH_SEARCH_PATHS = "$(inherited) @executable_path/Frameworks";
				OTHER_CFLAGS = "$(inherited)";
				OTHER_LDFLAGS = "$(inherited)";
				PRODUCT_BUNDLE_IDENTIFIER = "rkb.$(PRODUCT_NAME:rfc1034identifier)";
				PRODUCT_NAME = "$(TARGET_NAME)";
			};
			name = Release;
		};
		AF4CF5151A1327990013D8A6 /* Debug */ = {
			isa = XCBuildConfiguration;
			baseConfigurationReference = F8FC09FC6580E69AAD565D3A /* Pods-BoxSimpleOAuthTests.debug.xcconfig */;
			buildSettings = {
				BUNDLE_LOADER = "$(TEST_HOST)";
				FRAMEWORK_SEARCH_PATHS = "$(inherited)";
				GCC_PREPROCESSOR_DEFINITIONS = (
					"DEBUG=1",
					"$(inherited)",
				);
				HEADER_SEARCH_PATHS = "$(inherited)";
				INFOPLIST_FILE = BoxSimpleOAuthTests/Info.plist;
				LD_RUNPATH_SEARCH_PATHS = "$(inherited) @executable_path/Frameworks @loader_path/Frameworks";
				OTHER_LDFLAGS = "$(inherited)";
				PRODUCT_BUNDLE_IDENTIFIER = "rkb.$(PRODUCT_NAME:rfc1034identifier)";
				PRODUCT_NAME = "$(TARGET_NAME)";
				TEST_HOST = "$(BUILT_PRODUCTS_DIR)/BoxSimpleOAuth.app/BoxSimpleOAuth";
			};
			name = Debug;
		};
		AF4CF5161A1327990013D8A6 /* Release */ = {
			isa = XCBuildConfiguration;
			baseConfigurationReference = 0017319A4E9A0B16B76AF2A2 /* Pods-BoxSimpleOAuthTests.release.xcconfig */;
			buildSettings = {
				BUNDLE_LOADER = "$(TEST_HOST)";
				FRAMEWORK_SEARCH_PATHS = "$(inherited)";
				HEADER_SEARCH_PATHS = "$(inherited)";
				INFOPLIST_FILE = BoxSimpleOAuthTests/Info.plist;
				LD_RUNPATH_SEARCH_PATHS = "$(inherited) @executable_path/Frameworks @loader_path/Frameworks";
				OTHER_LDFLAGS = "$(inherited)";
				PRODUCT_BUNDLE_IDENTIFIER = "rkb.$(PRODUCT_NAME:rfc1034identifier)";
				PRODUCT_NAME = "$(TARGET_NAME)";
				TEST_HOST = "$(BUILT_PRODUCTS_DIR)/BoxSimpleOAuth.app/BoxSimpleOAuth";
			};
			name = Release;
		};
/* End XCBuildConfiguration section */

/* Begin XCConfigurationList section */
		AF4CF4E91A1327990013D8A6 /* Build configuration list for PBXProject "BoxSimpleOAuth" */ = {
			isa = XCConfigurationList;
			buildConfigurations = (
				AF4CF50F1A1327990013D8A6 /* Debug */,
				AF4CF5101A1327990013D8A6 /* Release */,
			);
			defaultConfigurationIsVisible = 0;
			defaultConfigurationName = Release;
		};
		AF4CF5111A1327990013D8A6 /* Build configuration list for PBXNativeTarget "BoxSimpleOAuth" */ = {
			isa = XCConfigurationList;
			buildConfigurations = (
				AF4CF5121A1327990013D8A6 /* Debug */,
				AF4CF5131A1327990013D8A6 /* Release */,
			);
			defaultConfigurationIsVisible = 0;
			defaultConfigurationName = Release;
		};
		AF4CF5141A1327990013D8A6 /* Build configuration list for PBXNativeTarget "BoxSimpleOAuthTests" */ = {
			isa = XCConfigurationList;
			buildConfigurations = (
				AF4CF5151A1327990013D8A6 /* Debug */,
				AF4CF5161A1327990013D8A6 /* Release */,
			);
			defaultConfigurationIsVisible = 0;
			defaultConfigurationName = Release;
		};
/* End XCConfigurationList section */
	};
	rootObject = AF4CF4E61A1327990013D8A6 /* Project object */;
}
